
Microsoft Visual Studio Solution File, Format Version 12.00
# Visual Studio Version 17
VisualStudioVersion = 17.0.31903.59
MinimumVisualStudioVersion = 10.0.40219.1
Project("{2150E333-8FDC-42A3-9474-1A3956D46DE8}") = "src", "src", "{57BD6926-ECA8-4135-893D-D45B58506678}"
EndProject
Project("{FAE04EC0-301F-11D3-BF4B-00C04F79EFBC}") = "Domain", "src\Domain\Domain.csproj", "{360AAA31-5F0D-4550-A093-8556A0902661}"
EndProject
Project("{FAE04EC0-301F-11D3-BF4B-00C04F79EFBC}") = "Application", "src\Application\Application.csproj", "{732B296A-24BF-47DE-B6E5-A1E41869614C}"
EndProject
Project("{FAE04EC0-301F-11D3-BF4B-00C04F79EFBC}") = "Infrastructure", "src\Infrastructure\Infrastructure.csproj", "{39C7F60A-BFC1-4F9F-837B-0AAD1D4837FB}"
EndProject
Project("{2150E333-8FDC-42A3-9474-1A3956D46DE8}") = "test", "test", "{918711C6-735D-4AF8-849C-295ED85A818C}"
EndProject
Project("{FAE04EC0-301F-11D3-BF4B-00C04F79EFBC}") = "nunittest", "test\nunittest\nunittest.csproj", "{4BD5DA66-182B-4ACD-A885-5ED119F9C058}"
EndProject
Project("{2150E333-8FDC-42A3-9474-1A3956D46DE8}") = "ui", "ui", "{183A91FF-B886-4AEE-9F41-BA16D2B10FDB}"
EndProject
Project("{FAE04EC0-301F-11D3-BF4B-00C04F79EFBC}") = "api", "ui\api\api.csproj", "{FB9B413D-4FB8-4201-A926-E406B07200E7}"
EndProject
Project("{FAE04EC0-301F-11D3-BF4B-00C04F79EFBC}") = "mvc", "ui\mvc\mvc.csproj", "{33C18703-9C08-4ECF-A360-727428959C62}"
EndProject
Global
	GlobalSection(SolutionConfigurationPlatforms) = preSolution
		Debug|Any CPU = Debug|Any CPU
		Release|Any CPU = Release|Any CPU
	EndGlobalSection
	GlobalSection(SolutionProperties) = preSolution
		HideSolutionNode = FALSE
	EndGlobalSection
	GlobalSection(ProjectConfigurationPlatforms) = postSolution
		{360AAA31-5F0D-4550-A093-8556A0902661}.Debug|Any CPU.ActiveCfg = Debug|Any CPU
		{360AAA31-5F0D-4550-A093-8556A0902661}.Debug|Any CPU.Build.0 = Debug|Any CPU
		{360AAA31-5F0D-4550-A093-8556A0902661}.Release|Any CPU.ActiveCfg = Release|Any CPU
		{360AAA31-5F0D-4550-A093-8556A0902661}.Release|Any CPU.Build.0 = Release|Any CPU
		{732B296A-24BF-47DE-B6E5-A1E41869614C}.Debug|Any CPU.ActiveCfg = Debug|Any CPU
		{732B296A-24BF-47DE-B6E5-A1E41869614C}.Debug|Any CPU.Build.0 = Debug|Any CPU
		{732B296A-24BF-47DE-B6E5-A1E41869614C}.Release|Any CPU.ActiveCfg = Release|Any CPU
		{732B296A-24BF-47DE-B6E5-A1E41869614C}.Release|Any CPU.Build.0 = Release|Any CPU
		{39C7F60A-BFC1-4F9F-837B-0AAD1D4837FB}.Debug|Any CPU.ActiveCfg = Debug|Any CPU
		{39C7F60A-BFC1-4F9F-837B-0AAD1D4837FB}.Debug|Any CPU.Build.0 = Debug|Any CPU
		{39C7F60A-BFC1-4F9F-837B-0AAD1D4837FB}.Release|Any CPU.ActiveCfg = Release|Any CPU
		{39C7F60A-BFC1-4F9F-837B-0AAD1D4837FB}.Release|Any CPU.Build.0 = Release|Any CPU
		{4BD5DA66-182B-4ACD-A885-5ED119F9C058}.Debug|Any CPU.ActiveCfg = Debug|Any CPU
		{4BD5DA66-182B-4ACD-A885-5ED119F9C058}.Debug|Any CPU.Build.0 = Debug|Any CPU
		{4BD5DA66-182B-4ACD-A885-5ED119F9C058}.Release|Any CPU.ActiveCfg = Release|Any CPU
		{4BD5DA66-182B-4ACD-A885-5ED119F9C058}.Release|Any CPU.Build.0 = Release|Any CPU
		{FB9B413D-4FB8-4201-A926-E406B07200E7}.Debug|Any CPU.ActiveCfg = Debug|Any CPU
		{FB9B413D-4FB8-4201-A926-E406B07200E7}.Debug|Any CPU.Build.0 = Debug|Any CPU
		{FB9B413D-4FB8-4201-A926-E406B07200E7}.Release|Any CPU.ActiveCfg = Release|Any CPU
		{FB9B413D-4FB8-4201-A926-E406B07200E7}.Release|Any CPU.Build.0 = Release|Any CPU
		{33C18703-9C08-4ECF-A360-727428959C62}.Debug|Any CPU.ActiveCfg = Debug|Any CPU
		{33C18703-9C08-4ECF-A360-727428959C62}.Debug|Any CPU.Build.0 = Debug|Any CPU
		{33C18703-9C08-4ECF-A360-727428959C62}.Release|Any CPU.ActiveCfg = Release|Any CPU
		{33C18703-9C08-4ECF-A360-727428959C62}.Release|Any CPU.Build.0 = Release|Any CPU
	EndGlobalSection
	GlobalSection(NestedProjects) = preSolution
		{360AAA31-5F0D-4550-A093-8556A0902661} = {57BD6926-ECA8-4135-893D-D45B58506678}
		{732B296A-24BF-47DE-B6E5-A1E41869614C} = {57BD6926-ECA8-4135-893D-D45B58506678}
		{39C7F60A-BFC1-4F9F-837B-0AAD1D4837FB} = {57BD6926-ECA8-4135-893D-D45B58506678}
		{4BD5DA66-182B-4ACD-A885-5ED119F9C058} = {918711C6-735D-4AF8-849C-295ED85A818C}
		{FB9B413D-4FB8-4201-A926-E406B07200E7} = {183A91FF-B886-4AEE-9F41-BA16D2B10FDB}
		{33C18703-9C08-4ECF-A360-727428959C62} = {183A91FF-B886-4AEE-9F41-BA16D2B10FDB}
	EndGlobalSection
EndGlobal
