
Microsoft Visual Studio Solution File, Format Version 12.00
# Visual Studio Version 17
VisualStudioVersion = 17.0.31903.59
MinimumVisualStudioVersion = 10.0.40219.1
Project("{2150E333-8FDC-42A3-9474-1A3956D46DE8}") = "ui", "ui", "{2EE6B677-3FCC-48B5-B999-6FCCFE4F8418}"
EndProject
Project("{FAE04EC0-301F-11D3-BF4B-00C04F79EFBC}") = "mvc", "ui\mvc\mvc.csproj", "{8EDD06F1-EF48-438A-BE4E-0A8C30BDDFF7}"
EndProject
Project("{2150E333-8FDC-42A3-9474-1A3956D46DE8}") = "src", "src", "{A2786932-946F-4DA3-9C57-6F210FCF9389}"
EndProject
Project("{FAE04EC0-301F-11D3-BF4B-00C04F79EFBC}") = "Infrastructure", "src\Infrastructure\Infrastructure.csproj", "{64E86E01-00BC-4D41-8ACF-E31AE53A3ACB}"
EndProject
Project("{FAE04EC0-301F-11D3-BF4B-00C04F79EFBC}") = "Domain", "src\Domain\Domain.csproj", "{14597033-DA41-4997-AF78-697960F6B276}"
EndProject
Project("{FAE04EC0-301F-11D3-BF4B-00C04F79EFBC}") = "Application", "src\Application\Application.csproj", "{A5EB0A62-6FB5-4DDA-8258-11D031659615}"
EndProject
Project("{FAE04EC0-301F-11D3-BF4B-00C04F79EFBC}") = "DbMigration", "src\DbMigration\DbMigration.csproj", "{AC778D4D-1F3C-4099-BF7C-F987BCFE7B3B}"
EndProject
Project("{2150E333-8FDC-42A3-9474-1A3956D46DE8}") = "test", "test", "{E363C705-2155-406A-A96C-AFC2564CBE40}"
EndProject
Project("{FAE04EC0-301F-11D3-BF4B-00C04F79EFBC}") = "DomainUnitTest", "test\DomainUnitTest\DomainUnitTest.csproj", "{844BB465-F260-4265-96E7-23B78CC35900}"
EndProject
Project("{FAE04EC0-301F-11D3-BF4B-00C04F79EFBC}") = "InfrastructureUnitTest", "test\InfrastructureUnitTest\InfrastructureUnitTest.csproj", "{793F2CA3-40BD-4C1D-9A53-3B84E2CF6DE8}"
EndProject
Project("{FAE04EC0-301F-11D3-BF4B-00C04F79EFBC}") = "ApplicationUnitTest", "test\ApplicationUnitTest\ApplicationUnitTest.csproj", "{9A9D8F95-1309-487C-A628-969CC65CF74D}"
EndProject
Project("{FAE04EC0-301F-11D3-BF4B-00C04F79EFBC}") = "api", "ui\api\api.csproj", "{91201C03-3803-4DB2-A0F4-BABD4C279DD4}"
EndProject
Global
	GlobalSection(SolutionConfigurationPlatforms) = preSolution
		Debug|Any CPU = Debug|Any CPU
		Release|Any CPU = Release|Any CPU
	EndGlobalSection
	GlobalSection(ProjectConfigurationPlatforms) = postSolution
		{8EDD06F1-EF48-438A-BE4E-0A8C30BDDFF7}.Debug|Any CPU.ActiveCfg = Debug|Any CPU
		{8EDD06F1-EF48-438A-BE4E-0A8C30BDDFF7}.Debug|Any CPU.Build.0 = Debug|Any CPU
		{8EDD06F1-EF48-438A-BE4E-0A8C30BDDFF7}.Release|Any CPU.ActiveCfg = Release|Any CPU
		{8EDD06F1-EF48-438A-BE4E-0A8C30BDDFF7}.Release|Any CPU.Build.0 = Release|Any CPU
		{64E86E01-00BC-4D41-8ACF-E31AE53A3ACB}.Debug|Any CPU.ActiveCfg = Debug|Any CPU
		{64E86E01-00BC-4D41-8ACF-E31AE53A3ACB}.Debug|Any CPU.Build.0 = Debug|Any CPU
		{64E86E01-00BC-4D41-8ACF-E31AE53A3ACB}.Release|Any CPU.ActiveCfg = Release|Any CPU
		{64E86E01-00BC-4D41-8ACF-E31AE53A3ACB}.Release|Any CPU.Build.0 = Release|Any CPU
		{14597033-DA41-4997-AF78-697960F6B276}.Debug|Any CPU.ActiveCfg = Debug|Any CPU
		{14597033-DA41-4997-AF78-697960F6B276}.Debug|Any CPU.Build.0 = Debug|Any CPU
		{14597033-DA41-4997-AF78-697960F6B276}.Release|Any CPU.ActiveCfg = Release|Any CPU
		{14597033-DA41-4997-AF78-697960F6B276}.Release|Any CPU.Build.0 = Release|Any CPU
		{A5EB0A62-6FB5-4DDA-8258-11D031659615}.Debug|Any CPU.ActiveCfg = Debug|Any CPU
		{A5EB0A62-6FB5-4DDA-8258-11D031659615}.Debug|Any CPU.Build.0 = Debug|Any CPU
		{A5EB0A62-6FB5-4DDA-8258-11D031659615}.Release|Any CPU.ActiveCfg = Release|Any CPU
		{A5EB0A62-6FB5-4DDA-8258-11D031659615}.Release|Any CPU.Build.0 = Release|Any CPU
		{AC778D4D-1F3C-4099-BF7C-F987BCFE7B3B}.Debug|Any CPU.ActiveCfg = Debug|Any CPU
		{AC778D4D-1F3C-4099-BF7C-F987BCFE7B3B}.Debug|Any CPU.Build.0 = Debug|Any CPU
		{AC778D4D-1F3C-4099-BF7C-F987BCFE7B3B}.Release|Any CPU.ActiveCfg = Release|Any CPU
		{AC778D4D-1F3C-4099-BF7C-F987BCFE7B3B}.Release|Any CPU.Build.0 = Release|Any CPU
		{844BB465-F260-4265-96E7-23B78CC35900}.Debug|Any CPU.ActiveCfg = Debug|Any CPU
		{844BB465-F260-4265-96E7-23B78CC35900}.Debug|Any CPU.Build.0 = Debug|Any CPU
		{844BB465-F260-4265-96E7-23B78CC35900}.Release|Any CPU.ActiveCfg = Release|Any CPU
		{844BB465-F260-4265-96E7-23B78CC35900}.Release|Any CPU.Build.0 = Release|Any CPU
		{793F2CA3-40BD-4C1D-9A53-3B84E2CF6DE8}.Debug|Any CPU.ActiveCfg = Debug|Any CPU
		{793F2CA3-40BD-4C1D-9A53-3B84E2CF6DE8}.Debug|Any CPU.Build.0 = Debug|Any CPU
		{793F2CA3-40BD-4C1D-9A53-3B84E2CF6DE8}.Release|Any CPU.ActiveCfg = Release|Any CPU
		{793F2CA3-40BD-4C1D-9A53-3B84E2CF6DE8}.Release|Any CPU.Build.0 = Release|Any CPU
		{9A9D8F95-1309-487C-A628-969CC65CF74D}.Debug|Any CPU.ActiveCfg = Debug|Any CPU
		{9A9D8F95-1309-487C-A628-969CC65CF74D}.Debug|Any CPU.Build.0 = Debug|Any CPU
		{9A9D8F95-1309-487C-A628-969CC65CF74D}.Release|Any CPU.ActiveCfg = Release|Any CPU
		{9A9D8F95-1309-487C-A628-969CC65CF74D}.Release|Any CPU.Build.0 = Release|Any CPU
		{91201C03-3803-4DB2-A0F4-BABD4C279DD4}.Debug|Any CPU.ActiveCfg = Debug|Any CPU
		{91201C03-3803-4DB2-A0F4-BABD4C279DD4}.Debug|Any CPU.Build.0 = Debug|Any CPU
		{91201C03-3803-4DB2-A0F4-BABD4C279DD4}.Release|Any CPU.ActiveCfg = Release|Any CPU
		{91201C03-3803-4DB2-A0F4-BABD4C279DD4}.Release|Any CPU.Build.0 = Release|Any CPU
	EndGlobalSection
	GlobalSection(SolutionProperties) = preSolution
		HideSolutionNode = FALSE
	EndGlobalSection
	GlobalSection(NestedProjects) = preSolution
		{8EDD06F1-EF48-438A-BE4E-0A8C30BDDFF7} = {2EE6B677-3FCC-48B5-B999-6FCCFE4F8418}
		{64E86E01-00BC-4D41-8ACF-E31AE53A3ACB} = {A2786932-946F-4DA3-9C57-6F210FCF9389}
		{14597033-DA41-4997-AF78-697960F6B276} = {A2786932-946F-4DA3-9C57-6F210FCF9389}
		{A5EB0A62-6FB5-4DDA-8258-11D031659615} = {A2786932-946F-4DA3-9C57-6F210FCF9389}
		{AC778D4D-1F3C-4099-BF7C-F987BCFE7B3B} = {A2786932-946F-4DA3-9C57-6F210FCF9389}
		{844BB465-F260-4265-96E7-23B78CC35900} = {E363C705-2155-406A-A96C-AFC2564CBE40}
		{793F2CA3-40BD-4C1D-9A53-3B84E2CF6DE8} = {E363C705-2155-406A-A96C-AFC2564CBE40}
		{9A9D8F95-1309-487C-A628-969CC65CF74D} = {E363C705-2155-406A-A96C-AFC2564CBE40}
		{91201C03-3803-4DB2-A0F4-BABD4C279DD4} = {2EE6B677-3FCC-48B5-B999-6FCCFE4F8418}
	EndGlobalSection
EndGlobal
